schema: '2.0'
stages:
  prepare:
    cmd: python src/prepare.py data/raw/aclImdb
    deps:
    - path: data/raw/aclImdb
      md5: b7d922d51f419be6193fa9252b38e581.dir
      size: 221218527
      nfiles: 100011
    - path: src/prepare.py
      md5: 37c2b1765cef2d4996287cf0b7b06809
      size: 1661
    params:
      params.yaml:
        prepare.batch_size: 32
        prepare.seed: 20170428
        prepare.validation_split: 0.2
    outs:
    - path: data/prepared
      md5: 56c893de462d0b7a1c37333d5c2e5a82.dir
      size: 132762409
      nfiles: 9
  featurize:
    cmd: python src/featurize.py data/prepared data/features
    deps:
    - path: data/prepared
      md5: 56c893de462d0b7a1c37333d5c2e5a82.dir
      size: 132762409
      nfiles: 9
    - path: src/featurize.py
      md5: e7ec611c5feb723b403779db882cac21
      size: 3203
    params:
      params.yaml:
        featurize.embedding_dim: 128
        featurize.max_features: 20000
        featurize.sequence_length: 500
    outs:
    - path: data/features
      md5: b566ac116e090ea75095030f8c3135bb.dir
      size: 400587843
      nfiles: 9
